
Microsoft Visual Studio Solution File, Format Version 12.00
# Visual Studio Version 17
VisualStudioVersion = 17.9.34701.34
MinimumVisualStudioVersion = 10.0.40219.1
Project("{9A19103F-16F7-4668-BE54-9A1E7A4F7556}") = "tmps-server", "tmps-server\tmps-server.csproj", "{04348646-FC5E-4389-BF69-CDD20D403FC0}"
EndProject
Project("{9A19103F-16F7-4668-BE54-9A1E7A4F7556}") = "dummy-client", "dummy-client\dummy-client.csproj", "{B65E932B-6C25-42DD-9DD4-9173D90CF8F1}"
EndProject
Project("{9A19103F-16F7-4668-BE54-9A1E7A4F7556}") = "networking", "networking\networking.csproj", "{86DFCEBB-CEC7-48CC-993A-0E8A05745567}"
EndProject
Project("{9A19103F-16F7-4668-BE54-9A1E7A4F7556}") = "tmps-client", "tmps-client\tmps-client.csproj", "{1664F53E-8FAF-4C38-9285-9442F0A219D3}"
EndProject
Project("{9A19103F-16F7-4668-BE54-9A1E7A4F7556}") = "SceneDumper", "SceneDumper\SceneDumper.csproj", "{AD8E492C-87A7-4EC4-A15C-D34B443C4D4F}"
EndProject
Project("{9A19103F-16F7-4668-BE54-9A1E7A4F7556}") = "node-dumper", "node-dumper\node-dumper.csproj", "{26630C22-D689-4790-95F8-E86BBF8855D7}"
EndProject
Project("{FAE04EC0-301F-11D3-BF4B-00C04F79EFBC}") = "game-util", "game-util\game-util.csproj", "{5AAEAF49-ED09-4367-8523-B5C48E39B38A}"
EndProject
Global
	GlobalSection(SolutionConfigurationPlatforms) = preSolution
		Debug|Any CPU = Debug|Any CPU
		Release|Any CPU = Release|Any CPU
	EndGlobalSection
	GlobalSection(ProjectConfigurationPlatforms) = postSolution
		{04348646-FC5E-4389-BF69-CDD20D403FC0}.Debug|Any CPU.ActiveCfg = Debug|Any CPU
		{04348646-FC5E-4389-BF69-CDD20D403FC0}.Debug|Any CPU.Build.0 = Debug|Any CPU
		{04348646-FC5E-4389-BF69-CDD20D403FC0}.Release|Any CPU.ActiveCfg = Release|Any CPU
		{04348646-FC5E-4389-BF69-CDD20D403FC0}.Release|Any CPU.Build.0 = Release|Any CPU
		{B65E932B-6C25-42DD-9DD4-9173D90CF8F1}.Debug|Any CPU.ActiveCfg = Debug|Any CPU
		{B65E932B-6C25-42DD-9DD4-9173D90CF8F1}.Debug|Any CPU.Build.0 = Debug|Any CPU
		{B65E932B-6C25-42DD-9DD4-9173D90CF8F1}.Release|Any CPU.ActiveCfg = Release|Any CPU
		{B65E932B-6C25-42DD-9DD4-9173D90CF8F1}.Release|Any CPU.Build.0 = Release|Any CPU
		{86DFCEBB-CEC7-48CC-993A-0E8A05745567}.Debug|Any CPU.ActiveCfg = Debug|Any CPU
		{86DFCEBB-CEC7-48CC-993A-0E8A05745567}.Debug|Any CPU.Build.0 = Debug|Any CPU
		{86DFCEBB-CEC7-48CC-993A-0E8A05745567}.Release|Any CPU.ActiveCfg = Release|Any CPU
		{86DFCEBB-CEC7-48CC-993A-0E8A05745567}.Release|Any CPU.Build.0 = Release|Any CPU
		{1664F53E-8FAF-4C38-9285-9442F0A219D3}.Debug|Any CPU.ActiveCfg = Debug|Any CPU
		{1664F53E-8FAF-4C38-9285-9442F0A219D3}.Debug|Any CPU.Build.0 = Debug|Any CPU
		{1664F53E-8FAF-4C38-9285-9442F0A219D3}.Release|Any CPU.ActiveCfg = Release|Any CPU
		{1664F53E-8FAF-4C38-9285-9442F0A219D3}.Release|Any CPU.Build.0 = Release|Any CPU
		{AD8E492C-87A7-4EC4-A15C-D34B443C4D4F}.Debug|Any CPU.ActiveCfg = Debug|Any CPU
		{AD8E492C-87A7-4EC4-A15C-D34B443C4D4F}.Debug|Any CPU.Build.0 = Debug|Any CPU
		{AD8E492C-87A7-4EC4-A15C-D34B443C4D4F}.Release|Any CPU.ActiveCfg = Release|Any CPU
		{AD8E492C-87A7-4EC4-A15C-D34B443C4D4F}.Release|Any CPU.Build.0 = Release|Any CPU
		{26630C22-D689-4790-95F8-E86BBF8855D7}.Debug|Any CPU.ActiveCfg = Debug|Any CPU
		{26630C22-D689-4790-95F8-E86BBF8855D7}.Debug|Any CPU.Build.0 = Debug|Any CPU
		{26630C22-D689-4790-95F8-E86BBF8855D7}.Release|Any CPU.ActiveCfg = Release|Any CPU
		{26630C22-D689-4790-95F8-E86BBF8855D7}.Release|Any CPU.Build.0 = Release|Any CPU
		{5AAEAF49-ED09-4367-8523-B5C48E39B38A}.Debug|Any CPU.ActiveCfg = Debug|Any CPU
		{5AAEAF49-ED09-4367-8523-B5C48E39B38A}.Debug|Any CPU.Build.0 = Debug|Any CPU
		{5AAEAF49-ED09-4367-8523-B5C48E39B38A}.Release|Any CPU.ActiveCfg = Release|Any CPU
		{5AAEAF49-ED09-4367-8523-B5C48E39B38A}.Release|Any CPU.Build.0 = Release|Any CPU
	EndGlobalSection
	GlobalSection(SolutionProperties) = preSolution
		HideSolutionNode = FALSE
	EndGlobalSection
	GlobalSection(ExtensibilityGlobals) = postSolution
		SolutionGuid = {56781B63-02B4-47EF-A0F7-81019970A1DD}
	EndGlobalSection
EndGlobal
